
Microsoft Visual Studio Solution File, Format Version 12.00
# Visual Studio 15
VisualStudioVersion = 15.0.26127.0
MinimumVisualStudioVersion = 10.0.40219.1
Project("{FAE04EC0-301F-11D3-BF4B-00C04F79EFBC}") = "WebUI", "CarApp\WebUI.csproj", "{93CF5CFB-F7C8-4A48-860E-79D3B9306A0F}"
EndProject
Project("{FAE04EC0-301F-11D3-BF4B-00C04F79EFBC}") = "Model", "Model\Model.csproj", "{8B7831D5-E892-4AA1-B2E4-64690C1EBE1E}"
EndProject
Project("{FAE04EC0-301F-11D3-BF4B-00C04F79EFBC}") = "Domain", "Domain\Domain.csproj", "{23688F13-3EC7-45E9-AC5F-82DA234C3315}"
EndProject
Project("{FAE04EC0-301F-11D3-BF4B-00C04F79EFBC}") = "BL.Services", "BL.Services\BL.Services.csproj", "{4910ADB4-0ECB-4843-97F2-C8642C908E38}"
EndProject
Project("{FAE04EC0-301F-11D3-BF4B-00C04F79EFBC}") = "BL.Interfaces", "BL.Interfaces\BL.Interfaces.csproj", "{8B31B174-643C-4C8F-9C8C-1E44EB764584}"
EndProject
Global
	GlobalSection(SolutionConfigurationPlatforms) = preSolution
		Debug|Any CPU = Debug|Any CPU
		Debug|ARM = Debug|ARM
		Debug|x64 = Debug|x64
		Debug|x86 = Debug|x86
		Release|Any CPU = Release|Any CPU
		Release|ARM = Release|ARM
		Release|x64 = Release|x64
		Release|x86 = Release|x86
	EndGlobalSection
	GlobalSection(ProjectConfigurationPlatforms) = postSolution
		{93CF5CFB-F7C8-4A48-860E-79D3B9306A0F}.Debug|Any CPU.ActiveCfg = Debug|Any CPU
		{93CF5CFB-F7C8-4A48-860E-79D3B9306A0F}.Debug|Any CPU.Build.0 = Debug|Any CPU
		{93CF5CFB-F7C8-4A48-860E-79D3B9306A0F}.Debug|ARM.ActiveCfg = Debug|Any CPU
		{93CF5CFB-F7C8-4A48-860E-79D3B9306A0F}.Debug|ARM.Build.0 = Debug|Any CPU
		{93CF5CFB-F7C8-4A48-860E-79D3B9306A0F}.Debug|x64.ActiveCfg = Debug|Any CPU
		{93CF5CFB-F7C8-4A48-860E-79D3B9306A0F}.Debug|x64.Build.0 = Debug|Any CPU
		{93CF5CFB-F7C8-4A48-860E-79D3B9306A0F}.Debug|x86.ActiveCfg = Debug|Any CPU
		{93CF5CFB-F7C8-4A48-860E-79D3B9306A0F}.Debug|x86.Build.0 = Debug|Any CPU
		{93CF5CFB-F7C8-4A48-860E-79D3B9306A0F}.Release|Any CPU.ActiveCfg = Release|Any CPU
		{93CF5CFB-F7C8-4A48-860E-79D3B9306A0F}.Release|Any CPU.Build.0 = Release|Any CPU
		{93CF5CFB-F7C8-4A48-860E-79D3B9306A0F}.Release|ARM.ActiveCfg = Release|Any CPU
		{93CF5CFB-F7C8-4A48-860E-79D3B9306A0F}.Release|ARM.Build.0 = Release|Any CPU
		{93CF5CFB-F7C8-4A48-860E-79D3B9306A0F}.Release|x64.ActiveCfg = Release|Any CPU
		{93CF5CFB-F7C8-4A48-860E-79D3B9306A0F}.Release|x64.Build.0 = Release|Any CPU
		{93CF5CFB-F7C8-4A48-860E-79D3B9306A0F}.Release|x86.ActiveCfg = Release|Any CPU
		{93CF5CFB-F7C8-4A48-860E-79D3B9306A0F}.Release|x86.Build.0 = Release|Any CPU
		{8B7831D5-E892-4AA1-B2E4-64690C1EBE1E}.Debug|Any CPU.ActiveCfg = Debug|Any CPU
		{8B7831D5-E892-4AA1-B2E4-64690C1EBE1E}.Debug|Any CPU.Build.0 = Debug|Any CPU
		{8B7831D5-E892-4AA1-B2E4-64690C1EBE1E}.Debug|ARM.ActiveCfg = Debug|Any CPU
		{8B7831D5-E892-4AA1-B2E4-64690C1EBE1E}.Debug|ARM.Build.0 = Debug|Any CPU
		{8B7831D5-E892-4AA1-B2E4-64690C1EBE1E}.Debug|x64.ActiveCfg = Debug|Any CPU
		{8B7831D5-E892-4AA1-B2E4-64690C1EBE1E}.Debug|x64.Build.0 = Debug|Any CPU
		{8B7831D5-E892-4AA1-B2E4-64690C1EBE1E}.Debug|x86.ActiveCfg = Debug|Any CPU
		{8B7831D5-E892-4AA1-B2E4-64690C1EBE1E}.Debug|x86.Build.0 = Debug|Any CPU
		{8B7831D5-E892-4AA1-B2E4-64690C1EBE1E}.Release|Any CPU.ActiveCfg = Release|Any CPU
		{8B7831D5-E892-4AA1-B2E4-64690C1EBE1E}.Release|Any CPU.Build.0 = Release|Any CPU
		{8B7831D5-E892-4AA1-B2E4-64690C1EBE1E}.Release|ARM.ActiveCfg = Release|Any CPU
		{8B7831D5-E892-4AA1-B2E4-64690C1EBE1E}.Release|ARM.Build.0 = Release|Any CPU
		{8B7831D5-E892-4AA1-B2E4-64690C1EBE1E}.Release|x64.ActiveCfg = Release|Any CPU
		{8B7831D5-E892-4AA1-B2E4-64690C1EBE1E}.Release|x64.Build.0 = Release|Any CPU
		{8B7831D5-E892-4AA1-B2E4-64690C1EBE1E}.Release|x86.ActiveCfg = Release|Any CPU
		{8B7831D5-E892-4AA1-B2E4-64690C1EBE1E}.Release|x86.Build.0 = Release|Any CPU
		{23688F13-3EC7-45E9-AC5F-82DA234C3315}.Debug|Any CPU.ActiveCfg = Debug|Any CPU
		{23688F13-3EC7-45E9-AC5F-82DA234C3315}.Debug|Any CPU.Build.0 = Debug|Any CPU
		{23688F13-3EC7-45E9-AC5F-82DA234C3315}.Debug|ARM.ActiveCfg = Debug|Any CPU
		{23688F13-3EC7-45E9-AC5F-82DA234C3315}.Debug|ARM.Build.0 = Debug|Any CPU
		{23688F13-3EC7-45E9-AC5F-82DA234C3315}.Debug|x64.ActiveCfg = Debug|Any CPU
		{23688F13-3EC7-45E9-AC5F-82DA234C3315}.Debug|x64.Build.0 = Debug|Any CPU
		{23688F13-3EC7-45E9-AC5F-82DA234C3315}.Debug|x86.ActiveCfg = Debug|Any CPU
		{23688F13-3EC7-45E9-AC5F-82DA234C3315}.Debug|x86.Build.0 = Debug|Any CPU
		{23688F13-3EC7-45E9-AC5F-82DA234C3315}.Release|Any CPU.ActiveCfg = Release|Any CPU
		{23688F13-3EC7-45E9-AC5F-82DA234C3315}.Release|Any CPU.Build.0 = Release|Any CPU
		{23688F13-3EC7-45E9-AC5F-82DA234C3315}.Release|ARM.ActiveCfg = Release|Any CPU
		{23688F13-3EC7-45E9-AC5F-82DA234C3315}.Release|ARM.Build.0 = Release|Any CPU
		{23688F13-3EC7-45E9-AC5F-82DA234C3315}.Release|x64.ActiveCfg = Release|Any CPU
		{23688F13-3EC7-45E9-AC5F-82DA234C3315}.Release|x64.Build.0 = Release|Any CPU
		{23688F13-3EC7-45E9-AC5F-82DA234C3315}.Release|x86.ActiveCfg = Release|Any CPU
		{23688F13-3EC7-45E9-AC5F-82DA234C3315}.Release|x86.Build.0 = Release|Any CPU
		{4910ADB4-0ECB-4843-97F2-C8642C908E38}.Debug|Any CPU.ActiveCfg = Debug|Any CPU
		{4910ADB4-0ECB-4843-97F2-C8642C908E38}.Debug|Any CPU.Build.0 = Debug|Any CPU
		{4910ADB4-0ECB-4843-97F2-C8642C908E38}.Debug|ARM.ActiveCfg = Debug|Any CPU
		{4910ADB4-0ECB-4843-97F2-C8642C908E38}.Debug|ARM.Build.0 = Debug|Any CPU
		{4910ADB4-0ECB-4843-97F2-C8642C908E38}.Debug|x64.ActiveCfg = Debug|Any CPU
		{4910ADB4-0ECB-4843-97F2-C8642C908E38}.Debug|x64.Build.0 = Debug|Any CPU
		{4910ADB4-0ECB-4843-97F2-C8642C908E38}.Debug|x86.ActiveCfg = Debug|Any CPU
		{4910ADB4-0ECB-4843-97F2-C8642C908E38}.Debug|x86.Build.0 = Debug|Any CPU
		{4910ADB4-0ECB-4843-97F2-C8642C908E38}.Release|Any CPU.ActiveCfg = Release|Any CPU
		{4910ADB4-0ECB-4843-97F2-C8642C908E38}.Release|Any CPU.Build.0 = Release|Any CPU
		{4910ADB4-0ECB-4843-97F2-C8642C908E38}.Release|ARM.ActiveCfg = Release|Any CPU
		{4910ADB4-0ECB-4843-97F2-C8642C908E38}.Release|ARM.Build.0 = Release|Any CPU
		{4910ADB4-0ECB-4843-97F2-C8642C908E38}.Release|x64.ActiveCfg = Release|Any CPU
		{4910ADB4-0ECB-4843-97F2-C8642C908E38}.Release|x64.Build.0 = Release|Any CPU
		{4910ADB4-0ECB-4843-97F2-C8642C908E38}.Release|x86.ActiveCfg = Release|Any CPU
		{4910ADB4-0ECB-4843-97F2-C8642C908E38}.Release|x86.Build.0 = Release|Any CPU
		{8B31B174-643C-4C8F-9C8C-1E44EB764584}.Debug|Any CPU.ActiveCfg = Debug|Any CPU
		{8B31B174-643C-4C8F-9C8C-1E44EB764584}.Debug|Any CPU.Build.0 = Debug|Any CPU
		{8B31B174-643C-4C8F-9C8C-1E44EB764584}.Debug|ARM.ActiveCfg = Debug|Any CPU
		{8B31B174-643C-4C8F-9C8C-1E44EB764584}.Debug|ARM.Build.0 = Debug|Any CPU
		{8B31B174-643C-4C8F-9C8C-1E44EB764584}.Debug|x64.ActiveCfg = Debug|Any CPU
		{8B31B174-643C-4C8F-9C8C-1E44EB764584}.Debug|x64.Build.0 = Debug|Any CPU
		{8B31B174-643C-4C8F-9C8C-1E44EB764584}.Debug|x86.ActiveCfg = Debug|Any CPU
		{8B31B174-643C-4C8F-9C8C-1E44EB764584}.Debug|x86.Build.0 = Debug|Any CPU
		{8B31B174-643C-4C8F-9C8C-1E44EB764584}.Release|Any CPU.ActiveCfg = Release|Any CPU
		{8B31B174-643C-4C8F-9C8C-1E44EB764584}.Release|Any CPU.Build.0 = Release|Any CPU
		{8B31B174-643C-4C8F-9C8C-1E44EB764584}.Release|ARM.ActiveCfg = Release|Any CPU
		{8B31B174-643C-4C8F-9C8C-1E44EB764584}.Release|ARM.Build.0 = Release|Any CPU
		{8B31B174-643C-4C8F-9C8C-1E44EB764584}.Release|x64.ActiveCfg = Release|Any CPU
		{8B31B174-643C-4C8F-9C8C-1E44EB764584}.Release|x64.Build.0 = Release|Any CPU
		{8B31B174-643C-4C8F-9C8C-1E44EB764584}.Release|x86.ActiveCfg = Release|Any CPU
		{8B31B174-643C-4C8F-9C8C-1E44EB764584}.Release|x86.Build.0 = Release|Any CPU
	EndGlobalSection
	GlobalSection(SolutionProperties) = preSolution
		HideSolutionNode = FALSE
	EndGlobalSection
EndGlobal
